{
	archiveVersion = 1;
	classes = {
	};
	objectVersion = 77;
	objects = {

        B10000000000000000000001 = {
            isa = PBXFileSystemSynchronizedRootGroup;
            path = UITests;
            sourceTree = "<group>";
        };
        B10000000000000000000002 = {
            isa = PBXFileReference;
            explicitFileType = wrapper.cfbundle;
            includeInIndex = 0;
            path = ComposerUITests.xctest;
            sourceTree = BUILT_PRODUCTS_DIR;
        };
        B10000000000000000000003 = {
            isa = PBXSourcesBuildPhase;
            buildActionMask = 2147483647;
            files = ();
            runOnlyForDeploymentPostprocessing = 0;
        };
        B10000000000000000000004 = {
            isa = PBXFrameworksBuildPhase;
            buildActionMask = 2147483647;
            files = ();
            runOnlyForDeploymentPostprocessing = 0;
        };
        B10000000000000000000005 = {
            isa = PBXNativeTarget;
            buildConfigurationList = B10000000000000000000006;
            buildPhases = (B10000000000000000000003, B10000000000000000000004);
            buildRules = ();
            dependencies = (B10000000000000000000009);
            fileSystemSynchronizedGroups = (B10000000000000000000001);
            name = ComposerUITests;
            productName = ComposerUITests;
            productReference = B10000000000000000000002;
            productType = "com.apple.product-type.bundle.ui-testing";
        };
        B10000000000000000000006 = {
            isa = XCConfigurationList;
            buildConfigurations = (B10000000000000000000007, B10000000000000000000008);
            defaultConfigurationIsVisible = 0;
            defaultConfigurationName = Release;
        };
        B10000000000000000000007 = {
            isa = XCBuildConfiguration;
            buildSettings = {
                GENERATE_INFOPLIST_FILE = YES;
                IPHONEOS_DEPLOYMENT_TARGET = 26.0;
                PRODUCT_BUNDLE_IDENTIFIER = sh.pascal.kyotoagent.composer-tests;
                PRODUCT_NAME = "$(TARGET_NAME)";
                SDKROOT = iphoneos;
                SWIFT_VERSION = 6.0;
                TARGETED_DEVICE_FAMILY = "1,2";
                TEST_TARGET_NAME = "Kyoto Agent";
            };
            name = Debug;
        };
        B10000000000000000000008 = {
            isa = XCBuildConfiguration;
            buildSettings = {
                GENERATE_INFOPLIST_FILE = YES;
                IPHONEOS_DEPLOYMENT_TARGET = 26.0;
                PRODUCT_BUNDLE_IDENTIFIER = sh.pascal.kyotoagent.composer-tests;
                PRODUCT_NAME = "$(TARGET_NAME)";
                SDKROOT = iphoneos;
                SWIFT_VERSION = 6.0;
                TARGETED_DEVICE_FAMILY = "1,2";
                TEST_TARGET_NAME = "Kyoto Agent";
            };
            name = Release;
        };
        B10000000000000000000009 = {
            isa = PBXTargetDependency;
            target = A10000000000000000000007;
            targetProxy = B1000000000000000000000A;
        };
        B1000000000000000000000A = {
            isa = PBXContainerItemProxy;
            containerPortal = A10000000000000000000008;
            proxyType = 1;
            remoteGlobalIDString = A10000000000000000000007;
            remoteInfo = "Kyoto Agent";
        };

		A10000000000000000000001 = {
			isa = PBXFileSystemSynchronizedRootGroup;
			path = Sources;
			sourceTree = "<group>";
		};
		A10000000000000000000002 = {
			isa = PBXFileSystemSynchronizedRootGroup;
			path = App;
			sourceTree = "<group>";
		};
		A10000000000000000000003 = {
			isa = PBXFileReference;
			explicitFileType = wrapper.application;
			includeInIndex = 0;
			path = "Kyoto Agent.app";
			sourceTree = BUILT_PRODUCTS_DIR;
		};
		A10000000000000000000004 = {
			isa = PBXFrameworksBuildPhase;
			buildActionMask = 2147483647;
			files = (
			);
			runOnlyForDeploymentPostprocessing = 0;
		};
		A1000000000000000000000F = {
			isa = PBXSourcesBuildPhase;
			buildActionMask = 2147483647;
			files = (
			);
			runOnlyForDeploymentPostprocessing = 0;
		};
		A10000000000000000000010 = {
			isa = PBXResourcesBuildPhase;
			buildActionMask = 2147483647;
			files = (
			);
			runOnlyForDeploymentPostprocessing = 0;
		};
		A10000000000000000000005 = {
			isa = PBXGroup;
			children = (
				A10000000000000000000001,
				A10000000000000000000002,
                B10000000000000000000001,
				A10000000000000000000006,
			);
			sourceTree = "<group>";
		};
		A10000000000000000000006 = {
			isa = PBXGroup;
			children = (
				A10000000000000000000003,
                B10000000000000000000002,
			);
			name = Products;
			sourceTree = "<group>";
		};
		A10000000000000000000007 = {
			isa = PBXNativeTarget;
			buildConfigurationList = A1000000000000000000000C;
			buildPhases = (
				A1000000000000000000000F,
				A10000000000000000000010,
				A10000000000000000000004,
			);
			buildRules = (
			);
			dependencies = (
			);
			fileSystemSynchronizedGroups = (
				A10000000000000000000001,
				A10000000000000000000002,
			);
			name = "Kyoto Agent";
			productName = "Kyoto Agent";
			productReference = A10000000000000000000003;
			productType = "com.apple.product-type.application";
		};
		A10000000000000000000008 = {
			isa = PBXProject;
			attributes = {
				BuildIndependentTargetsInParallel = 1;
				LastUpgradeCheck = 2600;
				TargetAttributes = {
					A10000000000000000000007 = {
						CreatedOnToolsVersion = 26.0;
					};
				};
			};
			buildConfigurationList = A1000000000000000000000B;
			developmentRegion = en;
			hasScannedForEncodings = 0;
			knownRegions = (
				en,
				Base,
			);
			mainGroup = A10000000000000000000005;
			productRefGroup = A10000000000000000000006;
			projectDirPath = "";
			projectRoot = "";
			targets = (
				A10000000000000000000007,
                B10000000000000000000005,
			);
		};
		A10000000000000000000009 = {
			isa = XCBuildConfiguration;
			buildSettings = {
				ALWAYS_SEARCH_USER_PATHS = NO;
				CLANG_ENABLE_MODULES = YES;
				COPY_PHASE_STRIP = NO;
				DEBUG_INFORMATION_FORMAT = dwarf;
				ENABLE_TESTABILITY = YES;
				IPHONEOS_DEPLOYMENT_TARGET = 26.0;
				ONLY_ACTIVE_ARCH = YES;
				SDKROOT = iphoneos;
				SWIFT_ACTIVE_COMPILATION_CONDITIONS = DEBUG;
				SWIFT_OPTIMIZATION_LEVEL = "-Onone";
				SWIFT_VERSION = 6.0;
			};
			name = Debug;
		};
		A1000000000000000000000A = {
			isa = XCBuildConfiguration;
			buildSettings = {
				ALWAYS_SEARCH_USER_PATHS = NO;
				CLANG_ENABLE_MODULES = YES;
				COPY_PHASE_STRIP = NO;
				DEBUG_INFORMATION_FORMAT = "dwarf-with-dsym";
				IPHONEOS_DEPLOYMENT_TARGET = 26.0;
				SDKROOT = iphoneos;
				SWIFT_COMPILATION_MODE = wholemodule;
				SWIFT_VERSION = 6.0;
				VALIDATE_PRODUCT = YES;
			};
			name = Release;
		};
		A1000000000000000000000D = {
			isa = XCBuildConfiguration;
			buildSettings = {
				APNS_ENVIRONMENT = development;
				ASSETCATALOG_COMPILER_APPICON_NAME = AppIcon;
				ASSETCATALOG_COMPILER_ALTERNATE_APPICON_NAMES = "KyotoIcon2 KyotoIcon3 KyotoIcon4 KyotoIcon5 KyotoIcon6 KyotoIcon7 KyotoIcon8";
				CODE_SIGN_ENTITLEMENTS = KyotoAgent.entitlements;
				CODE_SIGN_STYLE = Automatic;
				CURRENT_PROJECT_VERSION = 1;
				GENERATE_INFOPLIST_FILE = NO;
				INFOPLIST_FILE = Info.plist;
				INFOPLIST_KEY_CFBundleDisplayName = "Kyoto Agent";
				INFOPLIST_KEY_UILaunchScreen_Generation = YES;
				IPHONEOS_DEPLOYMENT_TARGET = 26.0;
				LD_RUNPATH_SEARCH_PATHS = (
					"$(inherited)",
					"@executable_path/Frameworks",
				);
				MARKETING_VERSION = 1.0;
				PRODUCT_BUNDLE_IDENTIFIER = sh.pascal.kyotoagent;
				PRODUCT_NAME = "Kyoto Agent";
				SDKROOT = iphoneos;
				SUPPORTED_PLATFORMS = "iphoneos iphonesimulator";
				SWIFT_DEFAULT_ACTOR_ISOLATION = MainActor;
				SWIFT_VERSION = 6.0;
				TARGETED_DEVICE_FAMILY = "1,2";
			};
			name = Debug;
		};
		A1000000000000000000000E = {
			isa = XCBuildConfiguration;
			buildSettings = {
				APNS_ENVIRONMENT = production;
				ASSETCATALOG_COMPILER_APPICON_NAME = AppIcon;
				ASSETCATALOG_COMPILER_ALTERNATE_APPICON_NAMES = "KyotoIcon2 KyotoIcon3 KyotoIcon4 KyotoIcon5 KyotoIcon6 KyotoIcon7 KyotoIcon8";
				CODE_SIGN_ENTITLEMENTS = KyotoAgent.entitlements;
				CODE_SIGN_STYLE = Automatic;
				CURRENT_PROJECT_VERSION = 1;
				GENERATE_INFOPLIST_FILE = NO;
				INFOPLIST_FILE = Info.plist;
				INFOPLIST_KEY_CFBundleDisplayName = "Kyoto Agent";
				INFOPLIST_KEY_UILaunchScreen_Generation = YES;
				IPHONEOS_DEPLOYMENT_TARGET = 26.0;
				LD_RUNPATH_SEARCH_PATHS = (
					"$(inherited)",
					"@executable_path/Frameworks",
				);
				MARKETING_VERSION = 1.0;
				PRODUCT_BUNDLE_IDENTIFIER = sh.pascal.kyotoagent;
				PRODUCT_NAME = "Kyoto Agent";
				SDKROOT = iphoneos;
				SUPPORTED_PLATFORMS = "iphoneos iphonesimulator";
				SWIFT_DEFAULT_ACTOR_ISOLATION = MainActor;
				SWIFT_VERSION = 6.0;
				TARGETED_DEVICE_FAMILY = "1,2";
				VALIDATE_PRODUCT = YES;
			};
			name = Release;
		};
		A1000000000000000000000B = {
			isa = XCConfigurationList;
			buildConfigurations = (
				A10000000000000000000009,
				A1000000000000000000000A,
			);
			defaultConfigurationIsVisible = 0;
			defaultConfigurationName = Release;
		};
		A1000000000000000000000C = {
			isa = XCConfigurationList;
			buildConfigurations = (
				A1000000000000000000000D,
				A1000000000000000000000E,
			);
			defaultConfigurationIsVisible = 0;
			defaultConfigurationName = Release;
		};
	};
	rootObject = A10000000000000000000008;
}
